
Microsoft Visual Studio Solution File, Format Version 12.00
# Visual Studio 15
VisualStudioVersion = 15.0.26730.8
MinimumVisualStudioVersion = 10.0.40219.1
Project("{FAE04EC0-301F-11D3-BF4B-00C04F79EFBC}") = "backend-tcc.api", "backend-tcc\backend-tcc.api.csproj", "{60C0714D-612B-466B-A4D5-5E88C3FDBD84}"
EndProject
Project("{FAE04EC0-301F-11D3-BF4B-00C04F79EFBC}") = "backend-tcc.Tests", "backend-tcc.Tests\backend-tcc.Tests.csproj", "{94F5E9E1-A178-43F4-9888-E46314401F36}"
EndProject
Project("{2150E333-8FDC-42A3-9474-1A3956D46DE8}") = "Services", "Services", "{59094D1F-E14C-46F1-8F9F-8D4211CDCEE9}"
EndProject
Project("{2150E333-8FDC-42A3-9474-1A3956D46DE8}") = "Business", "Business", "{9B48307B-2169-4F66-BEB7-772F74F5B0DD}"
EndProject
Project("{FAE04EC0-301F-11D3-BF4B-00C04F79EFBC}") = "backend-tcc.bs.common", "backend-tcc.bs.common\backend-tcc.bs.common.csproj", "{FDA0BA55-1453-4F44-9B38-EC7F2E9104D0}"
EndProject
Project("{FAE04EC0-301F-11D3-BF4B-00C04F79EFBC}") = "backend-tcc.bs.administrador", "backend-tcc.bs.administrador\backend-tcc.bs.administrador.csproj", "{23722B8A-FDD4-47A7-BEA3-077ACB0207FC}"
EndProject
Project("{FAE04EC0-301F-11D3-BF4B-00C04F79EFBC}") = "backend-tcc.bs.compras", "backend-tcc.bs.compras\backend-tcc.bs.compras.csproj", "{0238C2EE-3FD3-4259-B6AF-F35065A16BFC}"
EndProject
Project("{FAE04EC0-301F-11D3-BF4B-00C04F79EFBC}") = "backend-tcc.bs.estoque", "backend-tcc.bs.estoque\backend-tcc.bs.estoque.csproj", "{9EEE7543-6B9E-436A-B3C5-4B8207F2EC59}"
EndProject
Project("{FAE04EC0-301F-11D3-BF4B-00C04F79EFBC}") = "backend-tcc.bs.logistica", "backend-tcc.bs.logistica\backend-tcc.bs.logistica.csproj", "{33ACF37E-63CA-47D6-9F91-BD54847C685D}"
EndProject
Project("{FAE04EC0-301F-11D3-BF4B-00C04F79EFBC}") = "backend-tcc.bs.marketing", "backend-tcc.bs.marketing\backend-tcc.bs.marketing.csproj", "{5A41174A-8A57-4719-AA11-F5FF9F557A34}"
EndProject
Project("{FAE04EC0-301F-11D3-BF4B-00C04F79EFBC}") = "backend-tcc.bs.vendas", "backend-tcc.bs.vendas\backend-tcc.bs.vendas.csproj", "{1DFB91B6-6AD9-4515-8F21-B66753E31885}"
EndProject
Project("{2150E333-8FDC-42A3-9474-1A3956D46DE8}") = "Components", "Components", "{65442E25-A38D-429E-B8A8-EE722DB5AFB1}"
EndProject
Project("{FAE04EC0-301F-11D3-BF4B-00C04F79EFBC}") = "backend-tcc.lib.repository", "backend-tcc.lib.repository\backend-tcc.lib.repository.csproj", "{3248BC83-0756-4B9B-A7C0-310EF0C91CDA}"
EndProject
Project("{FAE04EC0-301F-11D3-BF4B-00C04F79EFBC}") = "backend-tcc.lib", "backend-tcc.lib\backend-tcc.lib.csproj", "{5A867196-4637-4E90-8390-19C74C0C9A49}"
EndProject
Global
	GlobalSection(SolutionConfigurationPlatforms) = preSolution
		Debug|Any CPU = Debug|Any CPU
		Release|Any CPU = Release|Any CPU
	EndGlobalSection
	GlobalSection(ProjectConfigurationPlatforms) = postSolution
		{60C0714D-612B-466B-A4D5-5E88C3FDBD84}.Debug|Any CPU.ActiveCfg = Debug|Any CPU
		{60C0714D-612B-466B-A4D5-5E88C3FDBD84}.Debug|Any CPU.Build.0 = Debug|Any CPU
		{60C0714D-612B-466B-A4D5-5E88C3FDBD84}.Release|Any CPU.ActiveCfg = Release|Any CPU
		{60C0714D-612B-466B-A4D5-5E88C3FDBD84}.Release|Any CPU.Build.0 = Release|Any CPU
		{94F5E9E1-A178-43F4-9888-E46314401F36}.Debug|Any CPU.ActiveCfg = Debug|Any CPU
		{94F5E9E1-A178-43F4-9888-E46314401F36}.Debug|Any CPU.Build.0 = Debug|Any CPU
		{94F5E9E1-A178-43F4-9888-E46314401F36}.Release|Any CPU.ActiveCfg = Release|Any CPU
		{94F5E9E1-A178-43F4-9888-E46314401F36}.Release|Any CPU.Build.0 = Release|Any CPU
		{FDA0BA55-1453-4F44-9B38-EC7F2E9104D0}.Debug|Any CPU.ActiveCfg = Debug|Any CPU
		{FDA0BA55-1453-4F44-9B38-EC7F2E9104D0}.Debug|Any CPU.Build.0 = Debug|Any CPU
		{FDA0BA55-1453-4F44-9B38-EC7F2E9104D0}.Release|Any CPU.ActiveCfg = Release|Any CPU
		{FDA0BA55-1453-4F44-9B38-EC7F2E9104D0}.Release|Any CPU.Build.0 = Release|Any CPU
		{23722B8A-FDD4-47A7-BEA3-077ACB0207FC}.Debug|Any CPU.ActiveCfg = Debug|Any CPU
		{23722B8A-FDD4-47A7-BEA3-077ACB0207FC}.Debug|Any CPU.Build.0 = Debug|Any CPU
		{23722B8A-FDD4-47A7-BEA3-077ACB0207FC}.Release|Any CPU.ActiveCfg = Release|Any CPU
		{23722B8A-FDD4-47A7-BEA3-077ACB0207FC}.Release|Any CPU.Build.0 = Release|Any CPU
		{0238C2EE-3FD3-4259-B6AF-F35065A16BFC}.Debug|Any CPU.ActiveCfg = Debug|Any CPU
		{0238C2EE-3FD3-4259-B6AF-F35065A16BFC}.Debug|Any CPU.Build.0 = Debug|Any CPU
		{0238C2EE-3FD3-4259-B6AF-F35065A16BFC}.Release|Any CPU.ActiveCfg = Release|Any CPU
		{0238C2EE-3FD3-4259-B6AF-F35065A16BFC}.Release|Any CPU.Build.0 = Release|Any CPU
		{9EEE7543-6B9E-436A-B3C5-4B8207F2EC59}.Debug|Any CPU.ActiveCfg = Debug|Any CPU
		{9EEE7543-6B9E-436A-B3C5-4B8207F2EC59}.Debug|Any CPU.Build.0 = Debug|Any CPU
		{9EEE7543-6B9E-436A-B3C5-4B8207F2EC59}.Release|Any CPU.ActiveCfg = Release|Any CPU
		{9EEE7543-6B9E-436A-B3C5-4B8207F2EC59}.Release|Any CPU.Build.0 = Release|Any CPU
		{33ACF37E-63CA-47D6-9F91-BD54847C685D}.Debug|Any CPU.ActiveCfg = Debug|Any CPU
		{33ACF37E-63CA-47D6-9F91-BD54847C685D}.Debug|Any CPU.Build.0 = Debug|Any CPU
		{33ACF37E-63CA-47D6-9F91-BD54847C685D}.Release|Any CPU.ActiveCfg = Release|Any CPU
		{33ACF37E-63CA-47D6-9F91-BD54847C685D}.Release|Any CPU.Build.0 = Release|Any CPU
		{5A41174A-8A57-4719-AA11-F5FF9F557A34}.Debug|Any CPU.ActiveCfg = Debug|Any CPU
		{5A41174A-8A57-4719-AA11-F5FF9F557A34}.Debug|Any CPU.Build.0 = Debug|Any CPU
		{5A41174A-8A57-4719-AA11-F5FF9F557A34}.Release|Any CPU.ActiveCfg = Release|Any CPU
		{5A41174A-8A57-4719-AA11-F5FF9F557A34}.Release|Any CPU.Build.0 = Release|Any CPU
		{1DFB91B6-6AD9-4515-8F21-B66753E31885}.Debug|Any CPU.ActiveCfg = Debug|Any CPU
		{1DFB91B6-6AD9-4515-8F21-B66753E31885}.Debug|Any CPU.Build.0 = Debug|Any CPU
		{1DFB91B6-6AD9-4515-8F21-B66753E31885}.Release|Any CPU.ActiveCfg = Release|Any CPU
		{1DFB91B6-6AD9-4515-8F21-B66753E31885}.Release|Any CPU.Build.0 = Release|Any CPU
		{3248BC83-0756-4B9B-A7C0-310EF0C91CDA}.Debug|Any CPU.ActiveCfg = Debug|Any CPU
		{3248BC83-0756-4B9B-A7C0-310EF0C91CDA}.Debug|Any CPU.Build.0 = Debug|Any CPU
		{3248BC83-0756-4B9B-A7C0-310EF0C91CDA}.Release|Any CPU.ActiveCfg = Release|Any CPU
		{3248BC83-0756-4B9B-A7C0-310EF0C91CDA}.Release|Any CPU.Build.0 = Release|Any CPU
		{5A867196-4637-4E90-8390-19C74C0C9A49}.Debug|Any CPU.ActiveCfg = Debug|Any CPU
		{5A867196-4637-4E90-8390-19C74C0C9A49}.Debug|Any CPU.Build.0 = Debug|Any CPU
		{5A867196-4637-4E90-8390-19C74C0C9A49}.Release|Any CPU.ActiveCfg = Release|Any CPU
		{5A867196-4637-4E90-8390-19C74C0C9A49}.Release|Any CPU.Build.0 = Release|Any CPU
	EndGlobalSection
	GlobalSection(SolutionProperties) = preSolution
		HideSolutionNode = FALSE
	EndGlobalSection
	GlobalSection(NestedProjects) = preSolution
		{60C0714D-612B-466B-A4D5-5E88C3FDBD84} = {59094D1F-E14C-46F1-8F9F-8D4211CDCEE9}
		{FDA0BA55-1453-4F44-9B38-EC7F2E9104D0} = {9B48307B-2169-4F66-BEB7-772F74F5B0DD}
		{23722B8A-FDD4-47A7-BEA3-077ACB0207FC} = {9B48307B-2169-4F66-BEB7-772F74F5B0DD}
		{0238C2EE-3FD3-4259-B6AF-F35065A16BFC} = {9B48307B-2169-4F66-BEB7-772F74F5B0DD}
		{9EEE7543-6B9E-436A-B3C5-4B8207F2EC59} = {9B48307B-2169-4F66-BEB7-772F74F5B0DD}
		{33ACF37E-63CA-47D6-9F91-BD54847C685D} = {9B48307B-2169-4F66-BEB7-772F74F5B0DD}
		{5A41174A-8A57-4719-AA11-F5FF9F557A34} = {9B48307B-2169-4F66-BEB7-772F74F5B0DD}
		{1DFB91B6-6AD9-4515-8F21-B66753E31885} = {9B48307B-2169-4F66-BEB7-772F74F5B0DD}
		{3248BC83-0756-4B9B-A7C0-310EF0C91CDA} = {65442E25-A38D-429E-B8A8-EE722DB5AFB1}
		{5A867196-4637-4E90-8390-19C74C0C9A49} = {65442E25-A38D-429E-B8A8-EE722DB5AFB1}
	EndGlobalSection
	GlobalSection(ExtensibilityGlobals) = postSolution
		SolutionGuid = {7380B479-F722-47E9-8CBE-708C7A567C94}
	EndGlobalSection
EndGlobal
